// !$*UTF8*$!
{
	archiveVersion = 1;
	classes = {
	};
	objectVersion = 50;
	objects = {

/* Begin PBXBuildFile section */
		D9B6EB2C26B1C49800F2BA23 /* Assignment_NotebookApp.swift in Sources */ = {isa = PBXBuildFile; fileRef = D9B6EB2B26B1C49800F2BA23 /* Assignment_NotebookApp.swift */; };
		D9B6EB2E26B1C49800F2BA23 /* ContentView.swift in Sources */ = {isa = PBXBuildFile; fileRef = D9B6EB2D26B1C49800F2BA23 /* ContentView.swift */; };
		D9B6EB3026B1C49A00F2BA23 /* Assets.xcassets in Resources */ = {isa = PBXBuildFile; fileRef = D9B6EB2F26B1C49A00F2BA23 /* Assets.xcassets */; };
		D9B6EB3326B1C49A00F2BA23 /* Preview Assets.xcassets in Resources */ = {isa = PBXBuildFile; fileRef = D9B6EB3226B1C49A00F2BA23 /* Preview Assets.xcassets */; };
		D9B6EB3E26B1C49A00F2BA23 /* Assignment_NotebookTests.swift in Sources */ = {isa = PBXBuildFile; fileRef = D9B6EB3D26B1C49A00F2BA23 /* Assignment_NotebookTests.swift */; };
		D9B6EB4926B1C49A00F2BA23 /* Assignment_NotebookUITests.swift in Sources */ = {isa = PBXBuildFile; fileRef = D9B6EB4826B1C49A00F2BA23 /* Assignment_NotebookUITests.swift */; };
/* End PBXBuildFile section */

/* Begin PBXContainerItemProxy section */
		D9B6EB3A26B1C49A00F2BA23 /* PBXContainerItemProxy */ = {
			isa = PBXContainerItemProxy;
			containerPortal = D9B6EB2026B1C49800F2BA23 /* Project object */;
			proxyType = 1;
			remoteGlobalIDString = D9B6EB2726B1C49800F2BA23;
			remoteInfo = "Assignment Notebook";
		};
		D9B6EB4526B1C49A00F2BA23 /* PBXContainerItemProxy */ = {
			isa = PBXContainerItemProxy;
			containerPortal = D9B6EB2026B1C49800F2BA23 /* Project object */;
			proxyType = 1;
			remoteGlobalIDString = D9B6EB2726B1C49800F2BA23;
			remoteInfo = "Assignment Notebook";
		};
/* End PBXContainerItemProxy section */

/* Begin PBXFileReference section */
		D9B6EB2826B1C49800F2BA23 /* Assignment Notebook.app */ = {isa = PBXFileReference; explicitFileType = wrapper.application; includeInIndex = 0; path = "Assignment Notebook.app"; sourceTree = BUILT_PRODUCTS_DIR; };
		D9B6EB2B26B1C49800F2BA23 /* Assignment_NotebookApp.swift */ = {isa = PBXFileReference; lastKnownFileType = sourcecode.swift; path = Assignment_NotebookApp.swift; sourceTree = "<group>"; };
		D9B6EB2D26B1C49800F2BA23 /* ContentView.swift */ = {isa = PBXFileReference; lastKnownFileType = sourcecode.swift; path = ContentView.swift; sourceTree = "<group>"; };
		D9B6EB2F26B1C49A00F2BA23 /* Assets.xcassets */ = {isa = PBXFileReference; lastKnownFileType = folder.assetcatalog; path = Assets.xcassets; sourceTree = "<group>"; };
		D9B6EB3226B1C49A00F2BA23 /* Preview Assets.xcassets */ = {isa = PBXFileReference; lastKnownFileType = folder.assetcatalog; path = "Preview Assets.xcassets"; sourceTree = "<group>"; };
		D9B6EB3426B1C49A00F2BA23 /* Info.plist */ = {isa = PBXFileReference; lastKnownFileType = text.plist.xml; path = Info.plist; sourceTree = "<group>"; };
		D9B6EB3926B1C49A00F2BA23 /* Assignment NotebookTests.xctest */ = {isa = PBXFileReference; explicitFileType = wrapper.cfbundle; includeInIndex = 0; path = "Assignment NotebookTests.xctest"; sourceTree = BUILT_PRODUCTS_DIR; };
		D9B6EB3D26B1C49A00F2BA23 /* Assignment_NotebookTests.swift */ = {isa = PBXFileReference; lastKnownFileType = sourcecode.swift; path = Assignment_NotebookTests.swift; sourceTree = "<group>"; };
		D9B6EB3F26B1C49A00F2BA23 /* Info.plist */ = {isa = PBXFileReference; lastKnownFileType = text.plist.xml; path = Info.plist; sourceTree = "<group>"; };
		D9B6EB4426B1C49A00F2BA23 /* Assignment NotebookUITests.xctest */ = {isa = PBXFileReference; explicitFileType = wrapper.cfbundle; includeInIndex = 0; path = "Assignment NotebookUITests.xctest"; sourceTree = BUILT_PRODUCTS_DIR; };
		D9B6EB4826B1C49A00F2BA23 /* Assignment_NotebookUITests.swift */ = {isa = PBXFileReference; lastKnownFileType = sourcecode.swift; path = Assignment_NotebookUITests.swift; sourceTree = "<group>"; };
		D9B6EB4A26B1C49A00F2BA23 /* Info.plist */ = {isa = PBXFileReference; lastKnownFileType = text.plist.xml; path = Info.plist; sourceTree = "<group>"; };
/* End PBXFileReference section */

/* Begin PBXFrameworksBuildPhase section */
		D9B6EB2526B1C49800F2BA23 /* Frameworks */ = {
			isa = PBXFrameworksBuildPhase;
			buildActionMask = 2147483647;
			files = (
			);
			runOnlyForDeploymentPostprocessing = 0;
		};
		D9B6EB3626B1C49A00F2BA23 /* Frameworks */ = {
			isa = PBXFrameworksBuildPhase;
			buildActionMask = 2147483647;
			files = (
			);
			runOnlyForDeploymentPostprocessing = 0;
		};
		D9B6EB4126B1C49A00F2BA23 /* Frameworks */ = {
			isa = PBXFrameworksBuildPhase;
			buildActionMask = 2147483647;
			files = (
			);
			runOnlyForDeploymentPostprocessing = 0;
		};
/* End PBXFrameworksBuildPhase section */

/* Begin PBXGroup section */
		D9B6EB1F26B1C49800F2BA23 = {
			isa = PBXGroup;
			children = (
				D9B6EB2A26B1C49800F2BA23 /* Assignment Notebook */,
				D9B6EB3C26B1C49A00F2BA23 /* Assignment NotebookTests */,
				D9B6EB4726B1C49A00F2BA23 /* Assignment NotebookUITests */,
				D9B6EB2926B1C49800F2BA23 /* Products */,
			);
			sourceTree = "<group>";
		};
		D9B6EB2926B1C49800F2BA23 /* Products */ = {
			isa = PBXGroup;
			children = (
				D9B6EB2826B1C49800F2BA23 /* Assignment Notebook.app */,
				D9B6EB3926B1C49A00F2BA23 /* Assignment NotebookTests.xctest */,
				D9B6EB4426B1C49A00F2BA23 /* Assignment NotebookUITests.xctest */,
			);
			name = Products;
			sourceTree = "<group>";
		};
		D9B6EB2A26B1C49800F2BA23 /* Assignment Notebook */ = {
			isa = PBXGroup;
			children = (
				D9B6EB2B26B1C49800F2BA23 /* Assignment_NotebookApp.swift */,
				D9B6EB2D26B1C49800F2BA23 /* ContentView.swift */,
				D9B6EB2F26B1C49A00F2BA23 /* Assets.xcassets */,
				D9B6EB3426B1C49A00F2BA23 /* Info.plist */,
				D9B6EB3126B1C49A00F2BA23 /* Preview Content */,
			);
			path = "Assignment Notebook";
			sourceTree = "<group>";
		};
		D9B6EB3126B1C49A00F2BA23 /* Preview Content */ = {
			isa = PBXGroup;
			children = (
				D9B6EB3226B1C49A00F2BA23 /* Preview Assets.xcassets */,
			);
			path = "Preview Content";
			sourceTree = "<group>";
		};
		D9B6EB3C26B1C49A00F2BA23 /* Assignment NotebookTests */ = {
			isa = PBXGroup;
			children = (
				D9B6EB3D26B1C49A00F2BA23 /* Assignment_NotebookTests.swift */,
				D9B6EB3F26B1C49A00F2BA23 /* Info.plist */,
			);
			path = "Assignment NotebookTests";
			sourceTree = "<group>";
		};
		D9B6EB4726B1C49A00F2BA23 /* Assignment NotebookUITests */ = {
			isa = PBXGroup;
			children = (
				D9B6EB4826B1C49A00F2BA23 /* Assignment_NotebookUITests.swift */,
				D9B6EB4A26B1C49A00F2BA23 /* Info.plist */,
			);
			path = "Assignment NotebookUITests";
			sourceTree = "<group>";
		};
/* End PBXGroup section */

/* Begin PBXNativeTarget section */
		D9B6EB2726B1C49800F2BA23 /* Assignment Notebook */ = {
			isa = PBXNativeTarget;
			buildConfigurationList = D9B6EB4D26B1C49A00F2BA23 /* Build configuration list for PBXNativeTarget "Assignment Notebook" */;
			buildPhases = (
				D9B6EB2426B1C49800F2BA23 /* Sources */,
				D9B6EB2526B1C49800F2BA23 /* Frameworks */,
				D9B6EB2626B1C49800F2BA23 /* Resources */,
			);
			buildRules = (
			);
			dependencies = (
			);
			name = "Assignment Notebook";
			productName = "Assignment Notebook";
			productReference = D9B6EB2826B1C49800F2BA23 /* Assignment Notebook.app */;
			productType = "com.apple.product-type.application";
		};
		D9B6EB3826B1C49A00F2BA23 /* Assignment NotebookTests */ = {
			isa = PBXNativeTarget;
			buildConfigurationList = D9B6EB5026B1C49A00F2BA23 /* Build configuration list for PBXNativeTarget "Assignment NotebookTests" */;
			buildPhases = (
				D9B6EB3526B1C49A00F2BA23 /* Sources */,
				D9B6EB3626B1C49A00F2BA23 /* Frameworks */,
				D9B6EB3726B1C49A00F2BA23 /* Resources */,
			);
			buildRules = (
			);
			dependencies = (
				D9B6EB3B26B1C49A00F2BA23 /* PBXTargetDependency */,
			);
			name = "Assignment NotebookTests";
			productName = "Assignment NotebookTests";
			productReference = D9B6EB3926B1C49A00F2BA23 /* Assignment NotebookTests.xctest */;
			productType = "com.apple.product-type.bundle.unit-test";
		};
		D9B6EB4326B1C49A00F2BA23 /* Assignment NotebookUITests */ = {
			isa = PBXNativeTarget;
			buildConfigurationList = D9B6EB5326B1C49A00F2BA23 /* Build configuration list for PBXNativeTarget "Assignment NotebookUITests" */;
			buildPhases = (
				D9B6EB4026B1C49A00F2BA23 /* Sources */,
				D9B6EB4126B1C49A00F2BA23 /* Frameworks */,
				D9B6EB4226B1C49A00F2BA23 /* Resources */,
			);
			buildRules = (
			);
			dependencies = (
				D9B6EB4626B1C49A00F2BA23 /* PBXTargetDependency */,
			);
			name = "Assignment NotebookUITests";
			productName = "Assignment NotebookUITests";
			productReference = D9B6EB4426B1C49A00F2BA23 /* Assignment NotebookUITests.xctest */;
			productType = "com.apple.product-type.bundle.ui-testing";
		};
/* End PBXNativeTarget section */

/* Begin PBXProject section */
		D9B6EB2026B1C49800F2BA23 /* Project object */ = {
			isa = PBXProject;
			attributes = {
				LastSwiftUpdateCheck = 1250;
				LastUpgradeCheck = 1250;
				TargetAttributes = {
					D9B6EB2726B1C49800F2BA23 = {
						CreatedOnToolsVersion = 12.5.1;
					};
					D9B6EB3826B1C49A00F2BA23 = {
						CreatedOnToolsVersion = 12.5.1;
						TestTargetID = D9B6EB2726B1C49800F2BA23;
					};
					D9B6EB4326B1C49A00F2BA23 = {
						CreatedOnToolsVersion = 12.5.1;
						TestTargetID = D9B6EB2726B1C49800F2BA23;
					};
				};
			};
			buildConfigurationList = D9B6EB2326B1C49800F2BA23 /* Build configuration list for PBXProject "Assignment Notebook" */;
			compatibilityVersion = "Xcode 9.3";
			developmentRegion = en;
			hasScannedForEncodings = 0;
			knownRegions = (
				en,
				Base,
			);
			mainGroup = D9B6EB1F26B1C49800F2BA23;
			productRefGroup = D9B6EB2926B1C49800F2BA23 /* Products */;
			projectDirPath = "";
			projectRoot = "";
			targets = (
				D9B6EB2726B1C49800F2BA23 /* Assignment Notebook */,
				D9B6EB3826B1C49A00F2BA23 /* Assignment NotebookTests */,
				D9B6EB4326B1C49A00F2BA23 /* Assignment NotebookUITests */,
			);
		};
/* End PBXProject section */

/* Begin PBXResourcesBuildPhase section */
		D9B6EB2626B1C49800F2BA23 /* Resources */ = {
			isa = PBXResourcesBuildPhase;
			buildActionMask = 2147483647;
			files = (
				D9B6EB3326B1C49A00F2BA23 /* Preview Assets.xcassets in Resources */,
				D9B6EB3026B1C49A00F2BA23 /* Assets.xcassets in Resources */,
			);
			runOnlyForDeploymentPostprocessing = 0;
		};
		D9B6EB3726B1C49A00F2BA23 /* Resources */ = {
			isa = PBXResourcesBuildPhase;
			buildActionMask = 2147483647;
			files = (
			);
			runOnlyForDeploymentPostprocessing = 0;
		};
		D9B6EB4226B1C49A00F2BA23 /* Resources */ = {
			isa = PBXResourcesBuildPhase;
			buildActionMask = 2147483647;
			files = (
			);
			runOnlyForDeploymentPostprocessing = 0;
		};
/* End PBXResourcesBuildPhase section */

/* Begin PBXSourcesBuildPhase section */
		D9B6EB2426B1C49800F2BA23 /* Sources */ = {
			isa = PBXSourcesBuildPhase;
			buildActionMask = 2147483647;
			files = (
				D9B6EB2E26B1C49800F2BA23 /* ContentView.swift in Sources */,
				D9B6EB2C26B1C49800F2BA23 /* Assignment_NotebookApp.swift in Sources */,
			);
			runOnlyForDeploymentPostprocessing = 0;
		};
		D9B6EB3526B1C49A00F2BA23 /* Sources */ = {
			isa = PBXSourcesBuildPhase;
			buildActionMask = 2147483647;
			files = (
				D9B6EB3E26B1C49A00F2BA23 /* Assignment_NotebookTests.swift in Sources */,
			);
			runOnlyForDeploymentPostprocessing = 0;
		};
		D9B6EB4026B1C49A00F2BA23 /* Sources */ = {
			isa = PBXSourcesBuildPhase;
			buildActionMask = 2147483647;
			files = (
				D9B6EB4926B1C49A00F2BA23 /* Assignment_NotebookUITests.swift in Sources */,
			);
			runOnlyForDeploymentPostprocessing = 0;
		};
/* End PBXSourcesBuildPhase section */

/* Begin PBXTargetDependency section */
		D9B6EB3B26B1C49A00F2BA23 /* PBXTargetDependency */ = {
			isa = PBXTargetDependency;
			target = D9B6EB2726B1C49800F2BA23 /* Assignment Notebook */;
			targetProxy = D9B6EB3A26B1C49A00F2BA23 /* PBXContainerItemProxy */;
		};
		D9B6EB4626B1C49A00F2BA23 /* PBXTargetDependency */ = {
			isa = PBXTargetDependency;
			target = D9B6EB2726B1C49800F2BA23 /* Assignment Notebook */;
			targetProxy = D9B6EB4526B1C49A00F2BA23 /* PBXContainerItemProxy */;
		};
/* End PBXTargetDependency section */

/* Begin XCBuildConfiguration section */
		D9B6EB4B26B1C49A00F2BA23 /* Debug */ = {
			isa = XCBuildConfiguration;
			buildSettings = {
				ALWAYS_SEARCH_USER_PATHS = NO;
				CLANG_ANALYZER_NONNULL = YES;
				CLANG_ANALYZER_NUMBER_OBJECT_CONVERSION = YES_AGGRESSIVE;
				CLANG_CXX_LANGUAGE_STANDARD = "gnu++14";
				CLANG_CXX_LIBRARY = "libc++";
				CLANG_ENABLE_MODULES = YES;
				CLANG_ENABLE_OBJC_ARC = YES;
				CLANG_ENABLE_OBJC_WEAK = YES;
				CLANG_WARN_BLOCK_CAPTURE_AUTORELEASING = YES;
				CLANG_WARN_BOOL_CONVERSION = YES;
				CLANG_WARN_COMMA = YES;
				CLANG_WARN_CONSTANT_CONVERSION = YES;
				CLANG_WARN_DEPRECATED_OBJC_IMPLEMENTATIONS = YES;
				CLANG_WARN_DIRECT_OBJC_ISA_USAGE = YES_ERROR;
				CLANG_WARN_DOCUMENTATION_COMMENTS = YES;
				CLANG_WARN_EMPTY_BODY = YES;
				CLANG_WARN_ENUM_CONVERSION = YES;
				CLANG_WARN_INFINITE_RECURSION = YES;
				CLANG_WARN_INT_CONVERSION = YES;
				CLANG_WARN_NON_LITERAL_NULL_CONVERSION = YES;
				CLANG_WARN_OBJC_IMPLICIT_RETAIN_SELF = YES;
				CLANG_WARN_OBJC_LITERAL_CONVERSION = YES;
				CLANG_WARN_OBJC_ROOT_CLASS = YES_ERROR;
				CLANG_WARN_QUOTED_INCLUDE_IN_FRAMEWORK_HEADER = YES;
				CLANG_WARN_RANGE_LOOP_ANALYSIS = YES;
				CLANG_WARN_STRICT_PROTOTYPES = YES;
				CLANG_WARN_SUSPICIOUS_MOVE = YES;
				CLANG_WARN_UNGUARDED_AVAILABILITY = YES_AGGRESSIVE;
				CLANG_WARN_UNREACHABLE_CODE = YES;
				CLANG_WARN__DUPLICATE_METHOD_MATCH = YES;
				COPY_PHASE_STRIP = NO;
				DEBUG_INFORMATION_FORMAT = dwarf;
				ENABLE_STRICT_OBJC_MSGSEND = YES;
				ENABLE_TESTABILITY = YES;
				GCC_C_LANGUAGE_STANDARD = gnu11;
				GCC_DYNAMIC_NO_PIC = NO;
				GCC_NO_COMMON_BLOCKS = YES;
				GCC_OPTIMIZATION_LEVEL = 0;
				GCC_PREPROCESSOR_DEFINITIONS = (
					"DEBUG=1",
					"$(inherited)",
				);
				GCC_WARN_64_TO_32_BIT_CONVERSION = YES;
				GCC_WARN_ABOUT_RETURN_TYPE = YES_ERROR;
				GCC_WARN_UNDECLARED_SELECTOR = YES;
				GCC_WARN_UNINITIALIZED_AUTOS = YES_AGGRESSIVE;
				GCC_WARN_UNUSED_FUNCTION = YES;
				GCC_WARN_UNUSED_VARIABLE = YES;
				IPHONEOS_DEPLOYMENT_TARGET = 14.5;
				MTL_ENABLE_DEBUG_INFO = INCLUDE_SOURCE;
				MTL_FAST_MATH = YES;
				ONLY_ACTIVE_ARCH = YES;
				SDKROOT = iphoneos;
				SWIFT_ACTIVE_COMPILATION_CONDITIONS = DEBUG;
				SWIFT_OPTIMIZATION_LEVEL = "-Onone";
			};
			name = Debug;
		};
		D9B6EB4C26B1C49A00F2BA23 /* Release */ = {
			isa = XCBuildConfiguration;
			buildSettings = {
				ALWAYS_SEARCH_USER_PATHS = NO;
				CLANG_ANALYZER_NONNULL = YES;
				CLANG_ANALYZER_NUMBER_OBJECT_CONVERSION = YES_AGGRESSIVE;
				CLANG_CXX_LANGUAGE_STANDARD = "gnu++14";
				CLANG_CXX_LIBRARY = "libc++";
				CLANG_ENABLE_MODULES = YES;
				CLANG_ENABLE_OBJC_ARC = YES;
				CLANG_ENABLE_OBJC_WEAK = YES;
				CLANG_WARN_BLOCK_CAPTURE_AUTORELEASING = YES;
				CLANG_WARN_BOOL_CONVERSION = YES;
				CLANG_WARN_COMMA = YES;
				CLANG_WARN_CONSTANT_CONVERSION = YES;
				CLANG_WARN_DEPRECATED_OBJC_IMPLEMENTATIONS = YES;
				CLANG_WARN_DIRECT_OBJC_ISA_USAGE = YES_ERROR;
				CLANG_WARN_DOCUMENTATION_COMMENTS = YES;
				CLANG_WARN_EMPTY_BODY = YES;
				CLANG_WARN_ENUM_CONVERSION = YES;
				CLANG_WARN_INFINITE_RECURSION = YES;
				CLANG_WARN_INT_CONVERSION = YES;
				CLANG_WARN_NON_LITERAL_NULL_CONVERSION = YES;
				CLANG_WARN_OBJC_IMPLICIT_RETAIN_SELF = YES;
				CLANG_WARN_OBJC_LITERAL_CONVERSION = YES;
				CLANG_WARN_OBJC_ROOT_CLASS = YES_ERROR;
				CLANG_WARN_QUOTED_INCLUDE_IN_FRAMEWORK_HEADER = YES;
				CLANG_WARN_RANGE_LOOP_ANALYSIS = YES;
				CLANG_WARN_STRICT_PROTOTYPES = YES;
				CLANG_WARN_SUSPICIOUS_MOVE = YES;
				CLANG_WARN_UNGUARDED_AVAILABILITY = YES_AGGRESSIVE;
				CLANG_WARN_UNREACHABLE_CODE = YES;
				CLANG_WARN__DUPLICATE_METHOD_MATCH = YES;
				COPY_PHASE_STRIP = NO;
				DEBUG_INFORMATION_FORMAT = "dwarf-with-dsym";
				ENABLE_NS_ASSERTIONS = NO;
				ENABLE_STRICT_OBJC_MSGSEND = YES;
				GCC_C_LANGUAGE_STANDARD = gnu11;
				GCC_NO_COMMON_BLOCKS = YES;
				GCC_WARN_64_TO_32_BIT_CONVERSION = YES;
				GCC_WARN_ABOUT_RETURN_TYPE = YES_ERROR;
				GCC_WARN_UNDECLARED_SELECTOR = YES;
				GCC_WARN_UNINITIALIZED_AUTOS = YES_AGGRESSIVE;
				GCC_WARN_UNUSED_FUNCTION = YES;
				GCC_WARN_UNUSED_VARIABLE = YES;
				IPHONEOS_DEPLOYMENT_TARGET = 14.5;
				MTL_ENABLE_DEBUG_INFO = NO;
				MTL_FAST_MATH = YES;
				SDKROOT = iphoneos;
				SWIFT_COMPILATION_MODE = wholemodule;
				SWIFT_OPTIMIZATION_LEVEL = "-O";
				VALIDATE_PRODUCT = YES;
			};
			name = Release;
		};
		D9B6EB4E26B1C49A00F2BA23 /* Debug */ = {
			isa = XCBuildConfiguration;
			buildSettings = {
				ASSETCATALOG_COMPILER_APPICON_NAME = AppIcon;
				ASSETCATALOG_COMPILER_GLOBAL_ACCENT_COLOR_NAME = AccentColor;
				CODE_SIGN_STYLE = Automatic;
				DEVELOPMENT_ASSET_PATHS = "\"Assignment Notebook/Preview Content\"";
				ENABLE_PREVIEWS = YES;
				INFOPLIST_FILE = "Assignment Notebook/Info.plist";
				IPHONEOS_DEPLOYMENT_TARGET = 14.0;
				LD_RUNPATH_SEARCH_PATHS = (
					"$(inherited)",
					"@executable_path/Frameworks",
				);
				PRODUCT_BUNDLE_IDENTIFIER = "Ryan-Ahn.Assignment-Notebook";
				PRODUCT_NAME = "$(TARGET_NAME)";
				SWIFT_VERSION = 5.0;
				TARGETED_DEVICE_FAMILY = "1,2";
			};
			name = Debug;
		};
		D9B6EB4F26B1C49A00F2BA23 /* Release */ = {
			isa = XCBuildConfiguration;
			buildSettings = {
				ASSETCATALOG_COMPILER_APPICON_NAME = AppIcon;
				ASSETCATALOG_COMPILER_GLOBAL_ACCENT_COLOR_NAME = AccentColor;
				CODE_SIGN_STYLE = Automatic;
				DEVELOPMENT_ASSET_PATHS = "\"Assignment Notebook/Preview Content\"";
				ENABLE_PREVIEWS = YES;
				INFOPLIST_FILE = "Assignment Notebook/Info.plist";
				IPHONEOS_DEPLOYMENT_TARGET = 14.0;
				LD_RUNPATH_SEARCH_PATHS = (
					"$(inherited)",
					"@executable_path/Frameworks",
				);
				PRODUCT_BUNDLE_IDENTIFIER = "Ryan-Ahn.Assignment-Notebook";
				PRODUCT_NAME = "$(TARGET_NAME)";
				SWIFT_VERSION = 5.0;
				TARGETED_DEVICE_FAMILY = "1,2";
			};
			name = Release;
		};
		D9B6EB5126B1C49A00F2BA23 /* Debug */ = {
			isa = XCBuildConfiguration;
			buildSettings = {
				ALWAYS_EMBED_SWIFT_STANDARD_LIBRARIES = YES;
				BUNDLE_LOADER = "$(TEST_HOST)";
				CODE_SIGN_STYLE = Automatic;
				INFOPLIST_FILE = "Assignment NotebookTests/Info.plist";
				IPHONEOS_DEPLOYMENT_TARGET = 14.0;
				LD_RUNPATH_SEARCH_PATHS = (
					"$(inherited)",
					"@executable_path/Frameworks",
					"@loader_path/Frameworks",
				);
				PRODUCT_BUNDLE_IDENTIFIER = "Ryan-Ahn.Assignment-NotebookTests";
				PRODUCT_NAME = "$(TARGET_NAME)";
				SWIFT_VERSION = 5.0;
				TARGETED_DEVICE_FAMILY = "1,2";
				TEST_HOST = "$(BUILT_PRODUCTS_DIR)/Assignment Notebook.app/Assignment Notebook";
			};
			name = Debug;
		};
		D9B6EB5226B1C49A00F2BA23 /* Release */ = {
			isa = XCBuildConfiguration;
			buildSettings = {
				ALWAYS_EMBED_SWIFT_STANDARD_LIBRARIES = YES;
				BUNDLE_LOADER = "$(TEST_HOST)";
				CODE_SIGN_STYLE = Automatic;
				INFOPLIST_FILE = "Assignment NotebookTests/Info.plist";
				IPHONEOS_DEPLOYMENT_TARGET = 14.0;
				LD_RUNPATH_SEARCH_PATHS = (
					"$(inherited)",
					"@executable_path/Frameworks",
					"@loader_path/Frameworks",
				);
				PRODUCT_BUNDLE_IDENTIFIER = "Ryan-Ahn.Assignment-NotebookTests";
				PRODUCT_NAME = "$(TARGET_NAME)";
				SWIFT_VERSION = 5.0;
				TARGETED_DEVICE_FAMILY = "1,2";
				TEST_HOST = "$(BUILT_PRODUCTS_DIR)/Assignment Notebook.app/Assignment Notebook";
			};
			name = Release;
		};
		D9B6EB5426B1C49A00F2BA23 /* Debug */ = {
			isa = XCBuildConfiguration;
			buildSettings = {
				ALWAYS_EMBED_SWIFT_STANDARD_LIBRARIES = YES;
				CODE_SIGN_STYLE = Automatic;
				INFOPLIST_FILE = "Assignment NotebookUITests/Info.plist";
				LD_RUNPATH_SEARCH_PATHS = (
					"$(inherited)",
					"@executable_path/Frameworks",
					"@loader_path/Frameworks",
				);
				PRODUCT_BUNDLE_IDENTIFIER = "Ryan-Ahn.Assignment-NotebookUITests";
				PRODUCT_NAME = "$(TARGET_NAME)";
				SWIFT_VERSION = 5.0;
				TARGETED_DEVICE_FAMILY = "1,2";
				TEST_TARGET_NAME = "Assignment Notebook";
			};
			name = Debug;
		};
		D9B6EB5526B1C49A00F2BA23 /* Release */ = {
			isa = XCBuildConfiguration;
			buildSettings = {
				ALWAYS_EMBED_SWIFT_STANDARD_LIBRARIES = YES;
				CODE_SIGN_STYLE = Automatic;
				INFOPLIST_FILE = "Assignment NotebookUITests/Info.plist";
				LD_RUNPATH_SEARCH_PATHS = (
					"$(inherited)",
					"@executable_path/Frameworks",
					"@loader_path/Frameworks",
				);
				PRODUCT_BUNDLE_IDENTIFIER = "Ryan-Ahn.Assignment-NotebookUITests";
				PRODUCT_NAME = "$(TARGET_NAME)";
				SWIFT_VERSION = 5.0;
				TARGETED_DEVICE_FAMILY = "1,2";
				TEST_TARGET_NAME = "Assignment Notebook";
			};
			name = Release;
		};
/* End XCBuildConfiguration section */

/* Begin XCConfigurationList section */
		D9B6EB2326B1C49800F2BA23 /* Build configuration list for PBXProject "Assignment Notebook" */ = {
			isa = XCConfigurationList;
			buildConfigurations = (
				D9B6EB4B26B1C49A00F2BA23 /* Debug */,
				D9B6EB4C26B1C49A00F2BA23 /* Release */,
			);
			defaultConfigurationIsVisible = 0;
			defaultConfigurationName = Release;
		};
		D9B6EB4D26B1C49A00F2BA23 /* Build configuration list for PBXNativeTarget "Assignment Notebook" */ = {
			isa = XCConfigurationList;
			buildConfigurations = (
				D9B6EB4E26B1C49A00F2BA23 /* Debug */,
				D9B6EB4F26B1C49A00F2BA23 /* Release */,
			);
			defaultConfigurationIsVisible = 0;
			defaultConfigurationName = Release;
		};
		D9B6EB5026B1C49A00F2BA23 /* Build configuration list for PBXNativeTarget "Assignment NotebookTests" */ = {
			isa = XCConfigurationList;
			buildConfigurations = (
				D9B6EB5126B1C49A00F2BA23 /* Debug */,
				D9B6EB5226B1C49A00F2BA23 /* Release */,
			);
			defaultConfigurationIsVisible = 0;
			defaultConfigurationName = Release;
		};
		D9B6EB5326B1C49A00F2BA23 /* Build configuration list for PBXNativeTarget "Assignment NotebookUITests" */ = {
			isa = XCConfigurationList;
			buildConfigurations = (
				D9B6EB5426B1C49A00F2BA23 /* Debug */,
				D9B6EB5526B1C49A00F2BA23 /* Release */,
			);
			defaultConfigurationIsVisible = 0;
			defaultConfigurationName = Release;
		};
/* End XCConfigurationList section */
	};
	rootObject = D9B6EB2026B1C49800F2BA23 /* Project object */;
}
